{
  "name": "universal-javascript",
  "version": "0.0.1",
  "lockfileVersion": 1,
  "requires": true,
  "dependencies": {
    "cookie": {
      "version": "0.1.5",
      "resolved": "https://registry.npmjs.org/cookie/-/cookie-0.1.5.tgz",
      "integrity": "sha1-armUiksa4hlSzSWIUwpHItQETXw="
    },
    "set-cookie": {
      "version": "0.0.4",
      "resolved": "https://registry.npmjs.org/set-cookie/-/set-cookie-0.0.4.tgz",
      "integrity": "sha1-71UaWB4VmfyoHZ5aiibFSZtPWHU=",
      "requires": {
        "cookie": "0.1.5"
      }
    }
  }
}
